{
  "name": "nearest-geopoint",
  "version": "1.0.0",
  "lockfileVersion": 2,
  "requires": true,
  "packages": {
    "": {
      "version": "1.0.0",
      "license": "ISC",
      "dependencies": {
        "geolib": "^3.3.1"
      }
    },
    "node_modules/geolib": {
      "version": "3.3.1",
      "resolved": "https://registry.npmjs.org/geolib/-/geolib-3.3.1.tgz",
      "integrity": "sha512-sfahBXFcgELdpumDZV5b3KWiINkZxC5myAkLk067UUcTmTXaiE9SWmxMEHztn/Eus4JX6kesHxaIuZlniYgUtg=="
    }
  },
  "dependencies": {
    "geolib": {
      "version": "3.3.1",
      "resolved": "https://registry.npmjs.org/geolib/-/geolib-3.3.1.tgz",
      "integrity": "sha512-sfahBXFcgELdpumDZV5b3KWiINkZxC5myAkLk067UUcTmTXaiE9SWmxMEHztn/Eus4JX6kesHxaIuZlniYgUtg=="
    }
  }
}
